
Microsoft Visual Studio Solution File, Format Version 12.00
# Visual Studio Version 16
VisualStudioVersion = 16.0.29920.165
MinimumVisualStudioVersion = 10.0.40219.1
Project("{FAE04EC0-301F-11D3-BF4B-00C04F79EFBC}") = "Bir Kelime", "Bir Kelime\Bir Kelime.csproj", "{23A687C7-376E-412E-AB9A-FA0E142A57A7}"
EndProject
Global
	GlobalSection(SolutionConfigurationPlatforms) = preSolution
		Debug|Any CPU = Debug|Any CPU
		Release|Any CPU = Release|Any CPU
	EndGlobalSection
	GlobalSection(ProjectConfigurationPlatforms) = postSolution
		{23A687C7-376E-412E-AB9A-FA0E142A57A7}.Debug|Any CPU.ActiveCfg = Debug|Any CPU
		{23A687C7-376E-412E-AB9A-FA0E142A57A7}.Debug|Any CPU.Build.0 = Debug|Any CPU
		{23A687C7-376E-412E-AB9A-FA0E142A57A7}.Release|Any CPU.ActiveCfg = Release|Any CPU
		{23A687C7-376E-412E-AB9A-FA0E142A57A7}.Release|Any CPU.Build.0 = Release|Any CPU
	EndGlobalSection
	GlobalSection(SolutionProperties) = preSolution
		HideSolutionNode = FALSE
	EndGlobalSection
	GlobalSection(ExtensibilityGlobals) = postSolution
		SolutionGuid = {4920B2C7-9A9F-463F-B554-E0CBE92D8254}
	EndGlobalSection
EndGlobal
