
Microsoft Visual Studio Solution File, Format Version 12.00
# Visual Studio Version 16
VisualStudioVersion = 16.0.30104.148
MinimumVisualStudioVersion = 10.0.40219.1
Project("{FAE04EC0-301F-11D3-BF4B-00C04F79EFBC}") = "Agile Deneme", "Agile Deneme\Agile Deneme.csproj", "{433703A6-8980-45EF-9EE9-D6B6B9B8CC59}"
EndProject
Global
	GlobalSection(SolutionConfigurationPlatforms) = preSolution
		Debug|Any CPU = Debug|Any CPU
		Release|Any CPU = Release|Any CPU
	EndGlobalSection
	GlobalSection(ProjectConfigurationPlatforms) = postSolution
		{433703A6-8980-45EF-9EE9-D6B6B9B8CC59}.Debug|Any CPU.ActiveCfg = Debug|Any CPU
		{433703A6-8980-45EF-9EE9-D6B6B9B8CC59}.Debug|Any CPU.Build.0 = Debug|Any CPU
		{433703A6-8980-45EF-9EE9-D6B6B9B8CC59}.Release|Any CPU.ActiveCfg = Release|Any CPU
		{433703A6-8980-45EF-9EE9-D6B6B9B8CC59}.Release|Any CPU.Build.0 = Release|Any CPU
	EndGlobalSection
	GlobalSection(SolutionProperties) = preSolution
		HideSolutionNode = FALSE
	EndGlobalSection
	GlobalSection(ExtensibilityGlobals) = postSolution
		SolutionGuid = {91876DA4-ECFB-4DA3-9C68-94B832D8AADD}
	EndGlobalSection
EndGlobal
